
Microsoft Visual Studio Solution File, Format Version 12.00
# Visual Studio Version 17
VisualStudioVersion = 17.11.35327.3
MinimumVisualStudioVersion = 10.0.40219.1
Project("{FAE04EC0-301F-11D3-BF4B-00C04F79EFBC}") = "TumakovLaba", "TumakovLaba\TumakovLaba.csproj", "{922B6C7D-7614-4092-8E93-E852D9821E36}"
EndProject
Project("{FAE04EC0-301F-11D3-BF4B-00C04F79EFBC}") = "DZ7.1", "DZ7.1\DZ7.1.csproj", "{4364B487-3BBB-4213-B841-B6A715D17A57}"
EndProject
Project("{FAE04EC0-301F-11D3-BF4B-00C04F79EFBC}") = "patient's medical record", "patient's medical record\patient's medical record.csproj", "{B3EC8DBA-4681-46AA-BD46-2B4C8DA36D5A}"
EndProject
Global
	GlobalSection(SolutionConfigurationPlatforms) = preSolution
		Debug|Any CPU = Debug|Any CPU
		Release|Any CPU = Release|Any CPU
	EndGlobalSection
	GlobalSection(ProjectConfigurationPlatforms) = postSolution
		{922B6C7D-7614-4092-8E93-E852D9821E36}.Debug|Any CPU.ActiveCfg = Debug|Any CPU
		{922B6C7D-7614-4092-8E93-E852D9821E36}.Debug|Any CPU.Build.0 = Debug|Any CPU
		{922B6C7D-7614-4092-8E93-E852D9821E36}.Release|Any CPU.ActiveCfg = Release|Any CPU
		{922B6C7D-7614-4092-8E93-E852D9821E36}.Release|Any CPU.Build.0 = Release|Any CPU
		{4364B487-3BBB-4213-B841-B6A715D17A57}.Debug|Any CPU.ActiveCfg = Debug|Any CPU
		{4364B487-3BBB-4213-B841-B6A715D17A57}.Debug|Any CPU.Build.0 = Debug|Any CPU
		{4364B487-3BBB-4213-B841-B6A715D17A57}.Release|Any CPU.ActiveCfg = Release|Any CPU
		{4364B487-3BBB-4213-B841-B6A715D17A57}.Release|Any CPU.Build.0 = Release|Any CPU
		{B3EC8DBA-4681-46AA-BD46-2B4C8DA36D5A}.Debug|Any CPU.ActiveCfg = Debug|Any CPU
		{B3EC8DBA-4681-46AA-BD46-2B4C8DA36D5A}.Debug|Any CPU.Build.0 = Debug|Any CPU
		{B3EC8DBA-4681-46AA-BD46-2B4C8DA36D5A}.Release|Any CPU.ActiveCfg = Release|Any CPU
		{B3EC8DBA-4681-46AA-BD46-2B4C8DA36D5A}.Release|Any CPU.Build.0 = Release|Any CPU
	EndGlobalSection
	GlobalSection(SolutionProperties) = preSolution
		HideSolutionNode = FALSE
	EndGlobalSection
	GlobalSection(ExtensibilityGlobals) = postSolution
		SolutionGuid = {DCCC51A8-A6E8-43F9-A8C8-E3E91734D132}
	EndGlobalSection
EndGlobal
